
Microsoft Visual Studio Solution File, Format Version 12.00
# Visual Studio Version 17
VisualStudioVersion = 17.4.33122.133
MinimumVisualStudioVersion = 10.0.40219.1
Project("{FAE04EC0-301F-11D3-BF4B-00C04F79EFBC}") = "EscalaServ.API", "EscalaServ.API\EscalaServ.API.csproj", "{613F2DA1-AE8D-402D-BF59-9F007BA190CC}"
EndProject
Global
	GlobalSection(SolutionConfigurationPlatforms) = preSolution
		Debug|Any CPU = Debug|Any CPU
		Release|Any CPU = Release|Any CPU
	EndGlobalSection
	GlobalSection(ProjectConfigurationPlatforms) = postSolution
		{613F2DA1-AE8D-402D-BF59-9F007BA190CC}.Debug|Any CPU.ActiveCfg = Debug|Any CPU
		{613F2DA1-AE8D-402D-BF59-9F007BA190CC}.Debug|Any CPU.Build.0 = Debug|Any CPU
		{613F2DA1-AE8D-402D-BF59-9F007BA190CC}.Release|Any CPU.ActiveCfg = Release|Any CPU
		{613F2DA1-AE8D-402D-BF59-9F007BA190CC}.Release|Any CPU.Build.0 = Release|Any CPU
	EndGlobalSection
	GlobalSection(SolutionProperties) = preSolution
		HideSolutionNode = FALSE
	EndGlobalSection
	GlobalSection(ExtensibilityGlobals) = postSolution
		SolutionGuid = {384250DC-DBD2-4787-91C5-A2EA019D43E6}
	EndGlobalSection
EndGlobal
